
Microsoft Visual Studio Solution File, Format Version 12.00
# Visual Studio 15
Project("{FAE04EC0-301F-11D3-BF4B-00C04F79EFBC}") = "Assembly-CSharp", "Assembly-CSharp.csproj", "{2F89BB40-E0A6-30D0-6F4B-5B2B28AAB962}"
EndProject
Project("{FAE04EC0-301F-11D3-BF4B-00C04F79EFBC}") = "Assembly-CSharp-Editor", "Assembly-CSharp-Editor.csproj", "{E6685010-450E-2381-A7F5-707FA3F1A082}"
EndProject
Global
	GlobalSection(SolutionConfigurationPlatforms) = preSolution
		Debug|Any CPU = Debug|Any CPU
		Release|Any CPU = Release|Any CPU
	EndGlobalSection
	GlobalSection(ProjectConfigurationPlatforms) = postSolution
		{2F89BB40-E0A6-30D0-6F4B-5B2B28AAB962}.Debug|Any CPU.ActiveCfg = Debug|Any CPU
		{2F89BB40-E0A6-30D0-6F4B-5B2B28AAB962}.Debug|Any CPU.Build.0 = Debug|Any CPU
		{2F89BB40-E0A6-30D0-6F4B-5B2B28AAB962}.Release|Any CPU.ActiveCfg = Release|Any CPU
		{2F89BB40-E0A6-30D0-6F4B-5B2B28AAB962}.Release|Any CPU.Build.0 = Release|Any CPU
		{E6685010-450E-2381-A7F5-707FA3F1A082}.Debug|Any CPU.ActiveCfg = Debug|Any CPU
		{E6685010-450E-2381-A7F5-707FA3F1A082}.Debug|Any CPU.Build.0 = Debug|Any CPU
		{E6685010-450E-2381-A7F5-707FA3F1A082}.Release|Any CPU.ActiveCfg = Release|Any CPU
		{E6685010-450E-2381-A7F5-707FA3F1A082}.Release|Any CPU.Build.0 = Release|Any CPU
	EndGlobalSection
	GlobalSection(SolutionProperties) = preSolution
		HideSolutionNode = FALSE
	EndGlobalSection
EndGlobal
